{
    "name": "homeStockManagementSystem",
    "lockfileVersion": 3,
    "requires": true,
    "packages": {
        "": {
            "workspaces": [
                "backend",
                "frontendRegistStock",
                "frontendManageStock"
            ]
        },
        "backend": {
            "version": "0.0.1"
        },
        "frontendManageStock": {
            "name": "frontend-manage-stock",
            "version": "0.0.1"
        },
        "frontendRegistStock": {
            "name": "frontend-register-stock",
            "version": "0.0.1"
        },
        "node_modules/backend": {
            "resolved": "backend",
            "link": true
        },
        "node_modules/frontend-manage-stock": {
            "resolved": "frontendManageStock",
            "link": true
        },
        "node_modules/frontend-register-stock": {
            "resolved": "frontendRegistStock",
            "link": true
        }
    }
}
